[[package]]
name = "sha1"
version = "0.2.0"
source = "registry+https://github.com/rust-lang/crates.io-index"

[[package]]
name = "sha1-digest"
version = "0.1.0"
dependencies = [
 "sha1 0.2.0 (registry+https://github.com/rust-lang/crates.io-index)",
]

[metadata]
"checksum sha1 0.2.0 (registry+https://github.com/rust-lang/crates.io-index)" = "cc30b1e1e8c40c121ca33b86c23308a090d19974ef001b4bf6e61fd1a0fb095c"
